// !$*UTF8*$!
{
	archiveVersion = 1;
	classes = {
	};
	objectVersion = 50;
	objects = {

/* Begin PBXBuildFile section */
		685CB1CE21FF5D960066D1FD /* Controller.cpp in Sources */ = {isa = PBXBuildFile; fileRef = 685CB1CC21FF5D960066D1FD /* Controller.cpp */; };
		685CB1D021FF5EBA0066D1FD /* Runner.cpp in Sources */ = {isa = PBXBuildFile; fileRef = 685CB1CF21FF5EBA0066D1FD /* Runner.cpp */; };
		68B54E87221C5679004FE620 /* LinearTester.cpp in Sources */ = {isa = PBXBuildFile; fileRef = 68B54E85221C5679004FE620 /* LinearTester.cpp */; };
		68E3EE6D2209DDF60068FDA4 /* Timer.cpp in Sources */ = {isa = PBXBuildFile; fileRef = 68E3EE6B2209DDF60068FDA4 /* Timer.cpp */; };
		68E3EE702209E5870068FDA4 /* FileController.cpp in Sources */ = {isa = PBXBuildFile; fileRef = 68E3EE6E2209E5870068FDA4 /* FileController.cpp */; };
		68E3EE742209E8DE0068FDA4 /* CrimeData.cpp in Sources */ = {isa = PBXBuildFile; fileRef = 68E3EE732209E8DE0068FDA4 /* CrimeData.cpp */; };
		68E3EE772209E9420068FDA4 /* Music.cpp in Sources */ = {isa = PBXBuildFile; fileRef = 68E3EE762209E9420068FDA4 /* Music.cpp */; };
		68F0BD28223FDB0F00713BD9 /* GraphTester.cpp in Sources */ = {isa = PBXBuildFile; fileRef = 68F0BD26223FDB0F00713BD9 /* GraphTester.cpp */; };
/* End PBXBuildFile section */

/* Begin PBXCopyFilesBuildPhase section */
		685CB1BD21FF5B540066D1FD /* CopyFiles */ = {
			isa = PBXCopyFilesBuildPhase;
			buildActionMask = 2147483647;
			dstPath = /usr/share/man/man1/;
			dstSubfolderSpec = 0;
			files = (
			);
			runOnlyForDeploymentPostprocessing = 1;
		};
/* End PBXCopyFilesBuildPhase section */

/* Begin PBXFileReference section */
		681A95042232C5E000C9DDC7 /* Graph.hpp */ = {isa = PBXFileReference; lastKnownFileType = sourcecode.cpp.h; path = Graph.hpp; sourceTree = "<group>"; };
		685CB1BF21FF5B540066D1FD /* DataStructures */ = {isa = PBXFileReference; explicitFileType = "compiled.mach-o.executable"; includeInIndex = 0; path = DataStructures; sourceTree = BUILT_PRODUCTS_DIR; };
		685CB1CC21FF5D960066D1FD /* Controller.cpp */ = {isa = PBXFileReference; lastKnownFileType = sourcecode.cpp.cpp; path = Controller.cpp; sourceTree = "<group>"; };
		685CB1CD21FF5D960066D1FD /* Controller.hpp */ = {isa = PBXFileReference; lastKnownFileType = sourcecode.cpp.h; path = Controller.hpp; sourceTree = "<group>"; };
		685CB1CF21FF5EBA0066D1FD /* Runner.cpp */ = {isa = PBXFileReference; lastKnownFileType = sourcecode.cpp.cpp; path = Runner.cpp; sourceTree = "<group>"; };
		685CB1D121FF60D70066D1FD /* Node.hpp */ = {isa = PBXFileReference; lastKnownFileType = sourcecode.cpp.h; path = Node.hpp; sourceTree = "<group>"; };
		6875BC98220C85090035F133 /* List.hpp */ = {isa = PBXFileReference; lastKnownFileType = sourcecode.cpp.h; path = List.hpp; sourceTree = "<group>"; };
		6875BC99220C941E0035F133 /* LinkedList.hpp */ = {isa = PBXFileReference; lastKnownFileType = sourcecode.cpp.h; path = LinkedList.hpp; sourceTree = "<group>"; };
		68A2BF0F2211D6A200A2C947 /* Stack.hpp */ = {isa = PBXFileReference; lastKnownFileType = sourcecode.cpp.h; path = Stack.hpp; sourceTree = "<group>"; };
		68B11748221EF0F0002D3E42 /* DoubleNode.hpp */ = {isa = PBXFileReference; lastKnownFileType = sourcecode.cpp.h; path = DoubleNode.hpp; sourceTree = "<group>"; };
		68B11749221EF83D002D3E42 /* CircularList.hpp */ = {isa = PBXFileReference; lastKnownFileType = sourcecode.cpp.h; path = CircularList.hpp; sourceTree = "<group>"; };
		68B54E85221C5679004FE620 /* LinearTester.cpp */ = {isa = PBXFileReference; lastKnownFileType = sourcecode.cpp.cpp; path = LinearTester.cpp; sourceTree = "<group>"; };
		68B54E86221C5679004FE620 /* LinearTester.hpp */ = {isa = PBXFileReference; lastKnownFileType = sourcecode.cpp.h; path = LinearTester.hpp; sourceTree = "<group>"; };
		68E1ECAF2201EECF001DA78A /* LinearNode.hpp */ = {isa = PBXFileReference; lastKnownFileType = sourcecode.cpp.h; path = LinearNode.hpp; sourceTree = "<group>"; };
		68E3EE6B2209DDF60068FDA4 /* Timer.cpp */ = {isa = PBXFileReference; lastKnownFileType = sourcecode.cpp.cpp; path = Timer.cpp; sourceTree = "<group>"; };
		68E3EE6C2209DDF60068FDA4 /* Timer.hpp */ = {isa = PBXFileReference; lastKnownFileType = sourcecode.cpp.h; path = Timer.hpp; sourceTree = "<group>"; };
		68E3EE6E2209E5870068FDA4 /* FileController.cpp */ = {isa = PBXFileReference; lastKnownFileType = sourcecode.cpp.cpp; path = FileController.cpp; sourceTree = "<group>"; };
		68E3EE6F2209E5870068FDA4 /* FileController.hpp */ = {isa = PBXFileReference; lastKnownFileType = sourcecode.cpp.h; path = FileController.hpp; sourceTree = "<group>"; };
		68E3EE722209E8C80068FDA4 /* CrimeData.hpp */ = {isa = PBXFileReference; lastKnownFileType = sourcecode.cpp.h; name = CrimeData.hpp; path = ../../../../Downloads/CrimeData.hpp; sourceTree = "<group>"; };
		68E3EE732209E8DE0068FDA4 /* CrimeData.cpp */ = {isa = PBXFileReference; fileEncoding = 4; lastKnownFileType = sourcecode.cpp.cpp; name = CrimeData.cpp; path = ../../../../Downloads/CrimeData.cpp; sourceTree = "<group>"; };
		68E3EE752209E9040068FDA4 /* crime.csv */ = {isa = PBXFileReference; lastKnownFileType = text; name = crime.csv; path = ../../../../Downloads/crime.csv; sourceTree = "<group>"; };
		68E3EE762209E9420068FDA4 /* Music.cpp */ = {isa = PBXFileReference; fileEncoding = 4; lastKnownFileType = sourcecode.cpp.cpp; name = Music.cpp; path = ../../../../Downloads/Music.cpp; sourceTree = "<group>"; };
		68E3EE782209ECDC0068FDA4 /* Music.hpp */ = {isa = PBXFileReference; lastKnownFileType = sourcecode.cpp.h; name = Music.hpp; path = ../../../../Downloads/Music.hpp; sourceTree = "<group>"; };
		68F0BD26223FDB0F00713BD9 /* GraphTester.cpp */ = {isa = PBXFileReference; lastKnownFileType = sourcecode.cpp.cpp; path = GraphTester.cpp; sourceTree = "<group>"; };
		68F0BD27223FDB0F00713BD9 /* GraphTester.hpp */ = {isa = PBXFileReference; lastKnownFileType = sourcecode.cpp.h; path = GraphTester.hpp; sourceTree = "<group>"; };
		68F9967922661BC600BFE794 /* BinaryTreeNode.h */ = {isa = PBXFileReference; lastKnownFileType = sourcecode.c.h; path = BinaryTreeNode.h; sourceTree = "<group>"; };
/* End PBXFileReference section */

/* Begin PBXFrameworksBuildPhase section */
		685CB1BC21FF5B540066D1FD /* Frameworks */ = {
			isa = PBXFrameworksBuildPhase;
			buildActionMask = 2147483647;
			files = (
			);
			runOnlyForDeploymentPostprocessing = 0;
		};
/* End PBXFrameworksBuildPhase section */

/* Begin PBXGroup section */
		685CB1B621FF5B540066D1FD = {
			isa = PBXGroup;
			children = (
				68E3EE712209E7620068FDA4 /* Data */,
				685CB1CB21FF5BF00066D1FD /* Resources */,
				685CB1CA21FF5BDE0066D1FD /* Model */,
				685CB1C921FF5BD30066D1FD /* Controller */,
				685CB1C121FF5B540066D1FD /* Diagrams */,
				685CB1C021FF5B540066D1FD /* Products */,
			);
			sourceTree = "<group>";
		};
		685CB1C021FF5B540066D1FD /* Products */ = {
			isa = PBXGroup;
			children = (
				685CB1BF21FF5B540066D1FD /* DataStructures */,
			);
			name = Products;
			sourceTree = "<group>";
		};
		685CB1C121FF5B540066D1FD /* Diagrams */ = {
			isa = PBXGroup;
			children = (
				681A95042232C5E000C9DDC7 /* Graph.hpp */,
				68F0BD26223FDB0F00713BD9 /* GraphTester.cpp */,
				68F0BD27223FDB0F00713BD9 /* GraphTester.hpp */,
			);
			path = Diagrams;
			sourceTree = "<group>";
		};
		685CB1C921FF5BD30066D1FD /* Controller */ = {
			isa = PBXGroup;
			children = (
				68E3EE6A2209DD9B0068FDA4 /* tools */,
				685CB1CC21FF5D960066D1FD /* Controller.cpp */,
				685CB1CD21FF5D960066D1FD /* Controller.hpp */,
				685CB1CF21FF5EBA0066D1FD /* Runner.cpp */,
				68E3EE6E2209E5870068FDA4 /* FileController.cpp */,
				68E3EE6F2209E5870068FDA4 /* FileController.hpp */,
			);
			path = Controller;
			sourceTree = "<group>";
		};
		685CB1CA21FF5BDE0066D1FD /* Model */ = {
			isa = PBXGroup;
			children = (
				68F9967822661B9200BFE794 /* Tree */,
				6875BC97220C84E60035F133 /* Linear */,
				68E1ECB02201F0B9001DA78A /* Nodes */,
			);
			path = Model;
			sourceTree = "<group>";
		};
		685CB1CB21FF5BF00066D1FD /* Resources */ = {
			isa = PBXGroup;
			children = (
			);
			path = Resources;
			sourceTree = "<group>";
		};
		6875BC97220C84E60035F133 /* Linear */ = {
			isa = PBXGroup;
			children = (
				6875BC98220C85090035F133 /* List.hpp */,
				6875BC99220C941E0035F133 /* LinkedList.hpp */,
				68A2BF0F2211D6A200A2C947 /* Stack.hpp */,
				68B54E85221C5679004FE620 /* LinearTester.cpp */,
				68B54E86221C5679004FE620 /* LinearTester.hpp */,
				68B11749221EF83D002D3E42 /* CircularList.hpp */,
			);
			path = Linear;
			sourceTree = "<group>";
		};
		68E1ECB02201F0B9001DA78A /* Nodes */ = {
			isa = PBXGroup;
			children = (
				68E1ECAF2201EECF001DA78A /* LinearNode.hpp */,
				685CB1D121FF60D70066D1FD /* Node.hpp */,
				68B11748221EF0F0002D3E42 /* DoubleNode.hpp */,
			);
			path = Nodes;
			sourceTree = "<group>";
		};
		68E3EE6A2209DD9B0068FDA4 /* tools */ = {
			isa = PBXGroup;
			children = (
				68E3EE6B2209DDF60068FDA4 /* Timer.cpp */,
				68E3EE6C2209DDF60068FDA4 /* Timer.hpp */,
			);
			path = tools;
			sourceTree = "<group>";
		};
		68E3EE712209E7620068FDA4 /* Data */ = {
			isa = PBXGroup;
			children = (
				68E3EE782209ECDC0068FDA4 /* Music.hpp */,
				68E3EE762209E9420068FDA4 /* Music.cpp */,
				68E3EE752209E9040068FDA4 /* crime.csv */,
				68E3EE732209E8DE0068FDA4 /* CrimeData.cpp */,
				68E3EE722209E8C80068FDA4 /* CrimeData.hpp */,
			);
			path = Data;
			sourceTree = "<group>";
		};
		68F9967822661B9200BFE794 /* Tree */ = {
			isa = PBXGroup;
			children = (
				68F9967922661BC600BFE794 /* BinaryTreeNode.h */,
			);
			path = Tree;
			sourceTree = "<group>";
		};
/* End PBXGroup section */

/* Begin PBXNativeTarget section */
		685CB1BE21FF5B540066D1FD /* DataStructures */ = {
			isa = PBXNativeTarget;
			buildConfigurationList = 685CB1C621FF5B540066D1FD /* Build configuration list for PBXNativeTarget "DataStructures" */;
			buildPhases = (
				685CB1BB21FF5B540066D1FD /* Sources */,
				685CB1BC21FF5B540066D1FD /* Frameworks */,
				685CB1BD21FF5B540066D1FD /* CopyFiles */,
			);
			buildRules = (
			);
			dependencies = (
			);
			name = DataStructures;
			productName = DataStructures;
			productReference = 685CB1BF21FF5B540066D1FD /* DataStructures */;
			productType = "com.apple.product-type.tool";
		};
/* End PBXNativeTarget section */

/* Begin PBXProject section */
		685CB1B721FF5B540066D1FD /* Project object */ = {
			isa = PBXProject;
			attributes = {
				LastUpgradeCheck = 1000;
				ORGANIZATIONNAME = Ctec;
				TargetAttributes = {
					685CB1BE21FF5B540066D1FD = {
						CreatedOnToolsVersion = 10.0;
					};
				};
			};
			buildConfigurationList = 685CB1BA21FF5B540066D1FD /* Build configuration list for PBXProject "DataStructures" */;
			compatibilityVersion = "Xcode 9.3";
			developmentRegion = en;
			hasScannedForEncodings = 0;
			knownRegions = (
				en,
			);
			mainGroup = 685CB1B621FF5B540066D1FD;
			productRefGroup = 685CB1C021FF5B540066D1FD /* Products */;
			projectDirPath = "";
			projectRoot = "";
			targets = (
				685CB1BE21FF5B540066D1FD /* DataStructures */,
			);
		};
/* End PBXProject section */

/* Begin PBXSourcesBuildPhase section */
		685CB1BB21FF5B540066D1FD /* Sources */ = {
			isa = PBXSourcesBuildPhase;
			buildActionMask = 2147483647;
			files = (
				68E3EE6D2209DDF60068FDA4 /* Timer.cpp in Sources */,
				68F0BD28223FDB0F00713BD9 /* GraphTester.cpp in Sources */,
				68E3EE742209E8DE0068FDA4 /* CrimeData.cpp in Sources */,
				685CB1CE21FF5D960066D1FD /* Controller.cpp in Sources */,
				68E3EE772209E9420068FDA4 /* Music.cpp in Sources */,
				685CB1D021FF5EBA0066D1FD /* Runner.cpp in Sources */,
				68E3EE702209E5870068FDA4 /* FileController.cpp in Sources */,
				68B54E87221C5679004FE620 /* LinearTester.cpp in Sources */,
			);
			runOnlyForDeploymentPostprocessing = 0;
		};
/* End PBXSourcesBuildPhase section */

/* Begin XCBuildConfiguration section */
		685CB1C421FF5B540066D1FD /* Debug */ = {
			isa = XCBuildConfiguration;
			buildSettings = {
				ALWAYS_SEARCH_USER_PATHS = NO;
				CLANG_ANALYZER_NONNULL = YES;
				CLANG_ANALYZER_NUMBER_OBJECT_CONVERSION = YES_AGGRESSIVE;
				CLANG_CXX_LANGUAGE_STANDARD = "gnu++14";
				CLANG_CXX_LIBRARY = "libc++";
				CLANG_ENABLE_MODULES = YES;
				CLANG_ENABLE_OBJC_ARC = YES;
				CLANG_ENABLE_OBJC_WEAK = YES;
				CLANG_WARN_BLOCK_CAPTURE_AUTORELEASING = YES;
				CLANG_WARN_BOOL_CONVERSION = YES;
				CLANG_WARN_COMMA = YES;
				CLANG_WARN_CONSTANT_CONVERSION = YES;
				CLANG_WARN_DEPRECATED_OBJC_IMPLEMENTATIONS = YES;
				CLANG_WARN_DIRECT_OBJC_ISA_USAGE = YES_ERROR;
				CLANG_WARN_DOCUMENTATION_COMMENTS = YES;
				CLANG_WARN_EMPTY_BODY = YES;
				CLANG_WARN_ENUM_CONVERSION = YES;
				CLANG_WARN_INFINITE_RECURSION = YES;
				CLANG_WARN_INT_CONVERSION = YES;
				CLANG_WARN_NON_LITERAL_NULL_CONVERSION = YES;
				CLANG_WARN_OBJC_IMPLICIT_RETAIN_SELF = YES;
				CLANG_WARN_OBJC_LITERAL_CONVERSION = YES;
				CLANG_WARN_OBJC_ROOT_CLASS = YES_ERROR;
				CLANG_WARN_RANGE_LOOP_ANALYSIS = YES;
				CLANG_WARN_STRICT_PROTOTYPES = YES;
				CLANG_WARN_SUSPICIOUS_MOVE = YES;
				CLANG_WARN_UNGUARDED_AVAILABILITY = YES_AGGRESSIVE;
				CLANG_WARN_UNREACHABLE_CODE = YES;
				CLANG_WARN__DUPLICATE_METHOD_MATCH = YES;
				CODE_SIGN_IDENTITY = "-";
				COPY_PHASE_STRIP = NO;
				DEBUG_INFORMATION_FORMAT = dwarf;
				ENABLE_STRICT_OBJC_MSGSEND = YES;
				ENABLE_TESTABILITY = YES;
				GCC_C_LANGUAGE_STANDARD = gnu11;
				GCC_DYNAMIC_NO_PIC = NO;
				GCC_NO_COMMON_BLOCKS = YES;
				GCC_OPTIMIZATION_LEVEL = 0;
				GCC_PREPROCESSOR_DEFINITIONS = (
					"DEBUG=1",
					"$(inherited)",
				);
				GCC_WARN_64_TO_32_BIT_CONVERSION = YES;
				GCC_WARN_ABOUT_RETURN_TYPE = YES_ERROR;
				GCC_WARN_UNDECLARED_SELECTOR = YES;
				GCC_WARN_UNINITIALIZED_AUTOS = YES_AGGRESSIVE;
				GCC_WARN_UNUSED_FUNCTION = YES;
				GCC_WARN_UNUSED_VARIABLE = YES;
				MACOSX_DEPLOYMENT_TARGET = 10.13;
				MTL_ENABLE_DEBUG_INFO = INCLUDE_SOURCE;
				MTL_FAST_MATH = YES;
				ONLY_ACTIVE_ARCH = YES;
				SDKROOT = macosx;
			};
			name = Debug;
		};
		685CB1C521FF5B540066D1FD /* Release */ = {
			isa = XCBuildConfiguration;
			buildSettings = {
				ALWAYS_SEARCH_USER_PATHS = NO;
				CLANG_ANALYZER_NONNULL = YES;
				CLANG_ANALYZER_NUMBER_OBJECT_CONVERSION = YES_AGGRESSIVE;
				CLANG_CXX_LANGUAGE_STANDARD = "gnu++14";
				CLANG_CXX_LIBRARY = "libc++";
				CLANG_ENABLE_MODULES = YES;
				CLANG_ENABLE_OBJC_ARC = YES;
				CLANG_ENABLE_OBJC_WEAK = YES;
				CLANG_WARN_BLOCK_CAPTURE_AUTORELEASING = YES;
				CLANG_WARN_BOOL_CONVERSION = YES;
				CLANG_WARN_COMMA = YES;
				CLANG_WARN_CONSTANT_CONVERSION = YES;
				CLANG_WARN_DEPRECATED_OBJC_IMPLEMENTATIONS = YES;
				CLANG_WARN_DIRECT_OBJC_ISA_USAGE = YES_ERROR;
				CLANG_WARN_DOCUMENTATION_COMMENTS = YES;
				CLANG_WARN_EMPTY_BODY = YES;
				CLANG_WARN_ENUM_CONVERSION = YES;
				CLANG_WARN_INFINITE_RECURSION = YES;
				CLANG_WARN_INT_CONVERSION = YES;
				CLANG_WARN_NON_LITERAL_NULL_CONVERSION = YES;
				CLANG_WARN_OBJC_IMPLICIT_RETAIN_SELF = YES;
				CLANG_WARN_OBJC_LITERAL_CONVERSION = YES;
				CLANG_WARN_OBJC_ROOT_CLASS = YES_ERROR;
				CLANG_WARN_RANGE_LOOP_ANALYSIS = YES;
				CLANG_WARN_STRICT_PROTOTYPES = YES;
				CLANG_WARN_SUSPICIOUS_MOVE = YES;
				CLANG_WARN_UNGUARDED_AVAILABILITY = YES_AGGRESSIVE;
				CLANG_WARN_UNREACHABLE_CODE = YES;
				CLANG_WARN__DUPLICATE_METHOD_MATCH = YES;
				CODE_SIGN_IDENTITY = "-";
				COPY_PHASE_STRIP = NO;
				DEBUG_INFORMATION_FORMAT = "dwarf-with-dsym";
				ENABLE_NS_ASSERTIONS = NO;
				ENABLE_STRICT_OBJC_MSGSEND = YES;
				GCC_C_LANGUAGE_STANDARD = gnu11;
				GCC_NO_COMMON_BLOCKS = YES;
				GCC_WARN_64_TO_32_BIT_CONVERSION = YES;
				GCC_WARN_ABOUT_RETURN_TYPE = YES_ERROR;
				GCC_WARN_UNDECLARED_SELECTOR = YES;
				GCC_WARN_UNINITIALIZED_AUTOS = YES_AGGRESSIVE;
				GCC_WARN_UNUSED_FUNCTION = YES;
				GCC_WARN_UNUSED_VARIABLE = YES;
				MACOSX_DEPLOYMENT_TARGET = 10.13;
				MTL_ENABLE_DEBUG_INFO = NO;
				MTL_FAST_MATH = YES;
				SDKROOT = macosx;
			};
			name = Release;
		};
		685CB1C721FF5B540066D1FD /* Debug */ = {
			isa = XCBuildConfiguration;
			buildSettings = {
				CODE_SIGN_STYLE = Automatic;
				PRODUCT_NAME = "$(TARGET_NAME)";
			};
			name = Debug;
		};
		685CB1C821FF5B540066D1FD /* Release */ = {
			isa = XCBuildConfiguration;
			buildSettings = {
				CODE_SIGN_STYLE = Automatic;
				PRODUCT_NAME = "$(TARGET_NAME)";
			};
			name = Release;
		};
/* End XCBuildConfiguration section */

/* Begin XCConfigurationList section */
		685CB1BA21FF5B540066D1FD /* Build configuration list for PBXProject "DataStructures" */ = {
			isa = XCConfigurationList;
			buildConfigurations = (
				685CB1C421FF5B540066D1FD /* Debug */,
				685CB1C521FF5B540066D1FD /* Release */,
			);
			defaultConfigurationIsVisible = 0;
			defaultConfigurationName = Release;
		};
		685CB1C621FF5B540066D1FD /* Build configuration list for PBXNativeTarget "DataStructures" */ = {
			isa = XCConfigurationList;
			buildConfigurations = (
				685CB1C721FF5B540066D1FD /* Debug */,
				685CB1C821FF5B540066D1FD /* Release */,
			);
			defaultConfigurationIsVisible = 0;
			defaultConfigurationName = Release;
		};
/* End XCConfigurationList section */
	};
	rootObject = 685CB1B721FF5B540066D1FD /* Project object */;
}
